
Microsoft Visual Studio Solution File, Format Version 12.00
# Visual Studio Version 17
VisualStudioVersion = 17.7.34009.444
MinimumVisualStudioVersion = 10.0.40219.1
Project("{FAE04EC0-301F-11D3-BF4B-00C04F79EFBC}") = "billingWebAPI", "billingWebAPI\billingWebAPI.csproj", "{34B7C72F-EE3E-4905-B073-EF2B89C3FF17}"
EndProject
Global
	GlobalSection(SolutionConfigurationPlatforms) = preSolution
		Debug|Any CPU = Debug|Any CPU
		Release|Any CPU = Release|Any CPU
	EndGlobalSection
	GlobalSection(ProjectConfigurationPlatforms) = postSolution
		{34B7C72F-EE3E-4905-B073-EF2B89C3FF17}.Debug|Any CPU.ActiveCfg = Debug|Any CPU
		{34B7C72F-EE3E-4905-B073-EF2B89C3FF17}.Debug|Any CPU.Build.0 = Debug|Any CPU
		{34B7C72F-EE3E-4905-B073-EF2B89C3FF17}.Release|Any CPU.ActiveCfg = Release|Any CPU
		{34B7C72F-EE3E-4905-B073-EF2B89C3FF17}.Release|Any CPU.Build.0 = Release|Any CPU
	EndGlobalSection
	GlobalSection(SolutionProperties) = preSolution
		HideSolutionNode = FALSE
	EndGlobalSection
	GlobalSection(ExtensibilityGlobals) = postSolution
		SolutionGuid = {65047A69-0A7D-484A-A3D4-CAC6932E53AC}
	EndGlobalSection
EndGlobal
